
Microsoft Visual Studio Solution File, Format Version 12.00
# Visual Studio Version 17
VisualStudioVersion = 17.9.34714.143
MinimumVisualStudioVersion = 10.0.40219.1
Project("{FAE04EC0-301F-11D3-BF4B-00C04F79EFBC}") = "libapp24", "libapp24\libapp24.csproj", "{B9094C63-EF64-494F-BC42-72FB1086647C}"
EndProject
Global
	GlobalSection(SolutionConfigurationPlatforms) = preSolution
		Debug|Any CPU = Debug|Any CPU
		Release|Any CPU = Release|Any CPU
	EndGlobalSection
	GlobalSection(ProjectConfigurationPlatforms) = postSolution
		{B9094C63-EF64-494F-BC42-72FB1086647C}.Debug|Any CPU.ActiveCfg = Debug|Any CPU
		{B9094C63-EF64-494F-BC42-72FB1086647C}.Debug|Any CPU.Build.0 = Debug|Any CPU
		{B9094C63-EF64-494F-BC42-72FB1086647C}.Release|Any CPU.ActiveCfg = Release|Any CPU
		{B9094C63-EF64-494F-BC42-72FB1086647C}.Release|Any CPU.Build.0 = Release|Any CPU
	EndGlobalSection
	GlobalSection(SolutionProperties) = preSolution
		HideSolutionNode = FALSE
	EndGlobalSection
	GlobalSection(ExtensibilityGlobals) = postSolution
		SolutionGuid = {BB94E12F-54EA-40F8-AE36-CEB276413159}
	EndGlobalSection
EndGlobal
